
Microsoft Visual Studio Solution File, Format Version 12.00
# Visual Studio Version 16
VisualStudioVersion = 16.0.30011.22
MinimumVisualStudioVersion = 10.0.40219.1
Project("{FAE04EC0-301F-11D3-BF4B-00C04F79EFBC}") = "HomeWork25.05", "HomeWork25.05\HomeWork25.05.csproj", "{8B335480-D3F4-4418-8374-EE6E0CBA8B2E}"
EndProject
Global
	GlobalSection(SolutionConfigurationPlatforms) = preSolution
		Debug|Any CPU = Debug|Any CPU
		Release|Any CPU = Release|Any CPU
	EndGlobalSection
	GlobalSection(ProjectConfigurationPlatforms) = postSolution
		{8B335480-D3F4-4418-8374-EE6E0CBA8B2E}.Debug|Any CPU.ActiveCfg = Debug|Any CPU
		{8B335480-D3F4-4418-8374-EE6E0CBA8B2E}.Debug|Any CPU.Build.0 = Debug|Any CPU
		{8B335480-D3F4-4418-8374-EE6E0CBA8B2E}.Release|Any CPU.ActiveCfg = Release|Any CPU
		{8B335480-D3F4-4418-8374-EE6E0CBA8B2E}.Release|Any CPU.Build.0 = Release|Any CPU
	EndGlobalSection
	GlobalSection(SolutionProperties) = preSolution
		HideSolutionNode = FALSE
	EndGlobalSection
	GlobalSection(ExtensibilityGlobals) = postSolution
		SolutionGuid = {7AD606D5-25A7-4803-826F-A0148B0BEE70}
	EndGlobalSection
EndGlobal
